
Microsoft Visual Studio Solution File, Format Version 12.00
# Visual Studio 15
VisualStudioVersion = 15.0.27703.2035
MinimumVisualStudioVersion = 10.0.40219.1
Project("{9A19103F-16F7-4668-BE54-9A1E7A4F7556}") = "MurraysIrishBar", "MurraysIrishBar\MurraysIrishBar.csproj", "{75F0345F-42B8-431C-9297-2FC0EF5B4107}"
EndProject
Project("{FAE04EC0-301F-11D3-BF4B-00C04F79EFBC}") = "MurraysIrishBar.Services", "MurraysIrishBar.Services\MurraysIrishBar.Services.csproj", "{411AD0CF-8DD1-4314-AAF9-DA9EB39762E0}"
EndProject
Project("{FAE04EC0-301F-11D3-BF4B-00C04F79EFBC}") = "MurraysIrishBar.Domain", "MurraysIrishBar.Domain\MurraysIrishBar.Domain.csproj", "{30D1E3B8-7000-430E-A2C3-A4FDB14DB29E}"
EndProject
Project("{FAE04EC0-301F-11D3-BF4B-00C04F79EFBC}") = "MurraysIrishBar.Repository", "MurraysIrishBar.Repository\MurraysIrishBar.Repository.csproj", "{47EB5231-4A8C-4EC4-BAD3-6729FFC15553}"
EndProject
Project("{FAE04EC0-301F-11D3-BF4B-00C04F79EFBC}") = "MurraysIrishBar.Tests", "MurraysIrishBar.Tests\MurraysIrishBar.Tests.csproj", "{76ED0B61-7E6E-488D-B2D4-CD0558367BD5}"
EndProject
Global
	GlobalSection(SolutionConfigurationPlatforms) = preSolution
		Debug|Any CPU = Debug|Any CPU
		Release|Any CPU = Release|Any CPU
	EndGlobalSection
	GlobalSection(ProjectConfigurationPlatforms) = postSolution
		{75F0345F-42B8-431C-9297-2FC0EF5B4107}.Debug|Any CPU.ActiveCfg = Debug|Any CPU
		{75F0345F-42B8-431C-9297-2FC0EF5B4107}.Debug|Any CPU.Build.0 = Debug|Any CPU
		{75F0345F-42B8-431C-9297-2FC0EF5B4107}.Release|Any CPU.ActiveCfg = Release|Any CPU
		{75F0345F-42B8-431C-9297-2FC0EF5B4107}.Release|Any CPU.Build.0 = Release|Any CPU
		{411AD0CF-8DD1-4314-AAF9-DA9EB39762E0}.Debug|Any CPU.ActiveCfg = Debug|Any CPU
		{411AD0CF-8DD1-4314-AAF9-DA9EB39762E0}.Debug|Any CPU.Build.0 = Debug|Any CPU
		{411AD0CF-8DD1-4314-AAF9-DA9EB39762E0}.Release|Any CPU.ActiveCfg = Release|Any CPU
		{411AD0CF-8DD1-4314-AAF9-DA9EB39762E0}.Release|Any CPU.Build.0 = Release|Any CPU
		{30D1E3B8-7000-430E-A2C3-A4FDB14DB29E}.Debug|Any CPU.ActiveCfg = Debug|Any CPU
		{30D1E3B8-7000-430E-A2C3-A4FDB14DB29E}.Debug|Any CPU.Build.0 = Debug|Any CPU
		{30D1E3B8-7000-430E-A2C3-A4FDB14DB29E}.Release|Any CPU.ActiveCfg = Release|Any CPU
		{30D1E3B8-7000-430E-A2C3-A4FDB14DB29E}.Release|Any CPU.Build.0 = Release|Any CPU
		{47EB5231-4A8C-4EC4-BAD3-6729FFC15553}.Debug|Any CPU.ActiveCfg = Debug|Any CPU
		{47EB5231-4A8C-4EC4-BAD3-6729FFC15553}.Debug|Any CPU.Build.0 = Debug|Any CPU
		{47EB5231-4A8C-4EC4-BAD3-6729FFC15553}.Release|Any CPU.ActiveCfg = Release|Any CPU
		{47EB5231-4A8C-4EC4-BAD3-6729FFC15553}.Release|Any CPU.Build.0 = Release|Any CPU
		{76ED0B61-7E6E-488D-B2D4-CD0558367BD5}.Debug|Any CPU.ActiveCfg = Debug|Any CPU
		{76ED0B61-7E6E-488D-B2D4-CD0558367BD5}.Debug|Any CPU.Build.0 = Debug|Any CPU
		{76ED0B61-7E6E-488D-B2D4-CD0558367BD5}.Release|Any CPU.ActiveCfg = Release|Any CPU
		{76ED0B61-7E6E-488D-B2D4-CD0558367BD5}.Release|Any CPU.Build.0 = Release|Any CPU
	EndGlobalSection
	GlobalSection(SolutionProperties) = preSolution
		HideSolutionNode = FALSE
	EndGlobalSection
	GlobalSection(ExtensibilityGlobals) = postSolution
		SolutionGuid = {1EFF47D5-89A7-4A93-8E96-D1D0A4B5A3EF}
	EndGlobalSection
EndGlobal
